
Microsoft Visual Studio Solution File, Format Version 12.00
# Visual Studio 2017
Project("{FAE04EC0-301F-11D3-BF4B-00C04F79EFBC}") = "RPG Test.Plugins", "RPG Test.Plugins.csproj", "{FE709B12-C638-07BD-6F54-C7765A098996}"
EndProject
Project("{FAE04EC0-301F-11D3-BF4B-00C04F79EFBC}") = "RPG Test", "RPG Test.csproj", "{9F27CBFF-B391-3075-D1F6-5A2DDB3124D2}"
EndProject
Global
	GlobalSection(SolutionConfigurationPlatforms) = preSolution
		Debug|Any CPU = Debug|Any CPU
		Release|Any CPU = Release|Any CPU
	EndGlobalSection
	GlobalSection(ProjectConfigurationPlatforms) = postSolution
		{FE709B12-C638-07BD-6F54-C7765A098996}.Debug|Any CPU.ActiveCfg = Debug|Any CPU
		{FE709B12-C638-07BD-6F54-C7765A098996}.Debug|Any CPU.Build.0 = Debug|Any CPU
		{FE709B12-C638-07BD-6F54-C7765A098996}.Release|Any CPU.ActiveCfg = Release|Any CPU
		{FE709B12-C638-07BD-6F54-C7765A098996}.Release|Any CPU.Build.0 = Release|Any CPU
		{9F27CBFF-B391-3075-D1F6-5A2DDB3124D2}.Debug|Any CPU.ActiveCfg = Debug|Any CPU
		{9F27CBFF-B391-3075-D1F6-5A2DDB3124D2}.Debug|Any CPU.Build.0 = Debug|Any CPU
		{9F27CBFF-B391-3075-D1F6-5A2DDB3124D2}.Release|Any CPU.ActiveCfg = Release|Any CPU
		{9F27CBFF-B391-3075-D1F6-5A2DDB3124D2}.Release|Any CPU.Build.0 = Release|Any CPU
	EndGlobalSection
	GlobalSection(SolutionProperties) = preSolution
		HideSolutionNode = FALSE
	EndGlobalSection
EndGlobal
